
Microsoft Visual Studio Solution File, Format Version 12.00
# Visual Studio 14
VisualStudioVersion = 14.0.25420.1
MinimumVisualStudioVersion = 10.0.40219.1
Project("{FAE04EC0-301F-11D3-BF4B-00C04F79EFBC}") = "TLCGen", "TLCGen\TLCGen.csproj", "{BFC33A68-228A-46B6-9E7D-25F41AC5C02C}"
EndProject
Project("{FAE04EC0-301F-11D3-BF4B-00C04F79EFBC}") = "FloodFill", "FloodFill\FloodFill.csproj", "{9A33318A-1352-43C3-8275-FF20DC9B9202}"
EndProject
Project("{FAE04EC0-301F-11D3-BF4B-00C04F79EFBC}") = "TLCGen.Models", "TLCGen.Models\TLCGen.Models.csproj", "{190CA695-5E3B-42DA-B7E5-2EA56932A511}"
EndProject
Project("{FAE04EC0-301F-11D3-BF4B-00C04F79EFBC}") = "TLCGen.Interfaces", "TLCGen.Interfaces\TLCGen.Interfaces.csproj", "{71774D52-356F-4D15-A165-8EA04D652B87}"
EndProject
Project("{FAE04EC0-301F-11D3-BF4B-00C04F79EFBC}") = "TLCGen.Generators.CCOL", "TLCGen.Generators.CCOL\TLCGen.Generators.CCOL.csproj", "{3D0FCFC8-2C31-492C-BAA2-3AF8214ED6DF}"
EndProject
Project("{2150E333-8FDC-42A3-9474-1A3956D46DE8}") = "TLCGen.Generators", "TLCGen.Generators", "{8EFF8A1E-6829-4948-BC5C-C2661575653F}"
EndProject
Project("{FAE04EC0-301F-11D3-BF4B-00C04F79EFBC}") = "TLCGen.Generators.YATLCCLC", "TLCGen.Generators.YATLCCLC\TLCGen.Generators.YATLCCLC.csproj", "{1687E431-D444-4D29-AB19-3688E47FB411}"
EndProject
Project("{FAE04EC0-301F-11D3-BF4B-00C04F79EFBC}") = "TLCGen.Helpers", "TLCGen.Helpers\TLCGen.Helpers.csproj", "{04039111-5CBD-459E-AF6E-65F016EEB333}"
EndProject
Project("{FAE04EC0-301F-11D3-BF4B-00C04F79EFBC}") = "TLCGen.Models.Enumerations", "TLCGen.Models.Enumerations\TLCGen.Models.Enumerations.csproj", "{A693DAA4-DB12-43DD-BCB8-BB039E22BBA8}"
EndProject
Project("{FAE04EC0-301F-11D3-BF4B-00C04F79EFBC}") = "TLCGen.Extensions", "TLCGen.Extensions\TLCGen.Extensions.csproj", "{8E0A63D9-07BF-4440-BE4F-A17B3C395FB6}"
EndProject
Project("{FAE04EC0-301F-11D3-BF4B-00C04F79EFBC}") = "TLCGen.Templates", "TLCGen.Templates\TLCGen.Templates.csproj", "{0DABB81F-C5A3-445E-9EA8-5A8235CAD34F}"
EndProject
Project("{FAE04EC0-301F-11D3-BF4B-00C04F79EFBC}") = "TLCGen.Plugins", "TLCGen.Interfaces.Public\TLCGen.Plugins.csproj", "{355E3027-7851-4EB9-9C91-3B281D01DC02}"
EndProject
Project("{FAE04EC0-301F-11D3-BF4B-00C04F79EFBC}") = "TLCGen.CustomPropertyEditors", "TLCGen.CustomPropertyEditors\TLCGen.CustomPropertyEditors.csproj", "{9890605D-8F9C-4AC0-8493-1598DFF0007F}"
EndProject
Project("{2150E333-8FDC-42A3-9474-1A3956D46DE8}") = "TLCGen.Importers", "TLCGen.Importers", "{97FB9024-2AEA-4AC1-AD00-30045984F5A9}"
EndProject
Project("{FAE04EC0-301F-11D3-BF4B-00C04F79EFBC}") = "TLCGen.Importers.TabC", "TLCGen.Importers.TabC\TLCGen.Importers.TabC.csproj", "{CD24CD31-98FA-4F63-913E-9D3FBBD998FB}"
EndProject
Project("{FAE04EC0-301F-11D3-BF4B-00C04F79EFBC}") = "TLCGen.Settings", "TLCGen.Settings\TLCGen.Settings.csproj", "{3C79B172-B6A4-41FB-9A83-8075A1B4A318}"
EndProject
Project("{FAE04EC0-301F-11D3-BF4B-00C04F79EFBC}") = "TLCGen.DataAccess", "TLCGen.DataAccess\TLCGen.DataAccess.csproj", "{94CA4D36-A404-4E0E-9C39-14613D1C4C39}"
EndProject
Project("{FAE04EC0-301F-11D3-BF4B-00C04F79EFBC}") = "TLCGen.Integrity", "TLCGen.Integrity\TLCGen.Integrity.csproj", "{B3AF9767-3F8D-45C9-81BF-4C9BB67E339C}"
EndProject
Project("{FAE04EC0-301F-11D3-BF4B-00C04F79EFBC}") = "TLCGen.Messaging", "TLCGen.EventManager\TLCGen.Messaging.csproj", "{2DBC9D19-D683-4F87-B534-DD026B46E763}"
EndProject
Project("{2150E333-8FDC-42A3-9474-1A3956D46DE8}") = "TLCGen.Tests", "TLCGen.Tests", "{F6F3AC8A-D1D8-4061-9F83-12754E06B905}"
EndProject
Project("{FAE04EC0-301F-11D3-BF4B-00C04F79EFBC}") = "TLCGenTests", "TLCGenTests\TLCGenTests.csproj", "{EC183990-FE48-4B26-8B7C-1CA87C37B9B3}"
EndProject
Project("{FAE04EC0-301F-11D3-BF4B-00C04F79EFBC}") = "Gu.Wpf.DataGrid2D", "..\TLCGen_storage\Gu.Wpf.DataGrid2D.new\Gu.Wpf.DataGrid2D\Gu.Wpf.DataGrid2D.csproj", "{53AF7FFF-BCAD-43A5-8367-48429B2878BE}"
EndProject
Global
	GlobalSection(SolutionConfigurationPlatforms) = preSolution
		Debug|Any CPU = Debug|Any CPU
		Release|Any CPU = Release|Any CPU
	EndGlobalSection
	GlobalSection(ProjectConfigurationPlatforms) = postSolution
		{BFC33A68-228A-46B6-9E7D-25F41AC5C02C}.Debug|Any CPU.ActiveCfg = Debug|Any CPU
		{BFC33A68-228A-46B6-9E7D-25F41AC5C02C}.Debug|Any CPU.Build.0 = Debug|Any CPU
		{BFC33A68-228A-46B6-9E7D-25F41AC5C02C}.Release|Any CPU.ActiveCfg = Release|Any CPU
		{BFC33A68-228A-46B6-9E7D-25F41AC5C02C}.Release|Any CPU.Build.0 = Release|Any CPU
		{9A33318A-1352-43C3-8275-FF20DC9B9202}.Debug|Any CPU.ActiveCfg = Debug|Any CPU
		{9A33318A-1352-43C3-8275-FF20DC9B9202}.Debug|Any CPU.Build.0 = Debug|Any CPU
		{9A33318A-1352-43C3-8275-FF20DC9B9202}.Release|Any CPU.ActiveCfg = Release|Any CPU
		{9A33318A-1352-43C3-8275-FF20DC9B9202}.Release|Any CPU.Build.0 = Release|Any CPU
		{190CA695-5E3B-42DA-B7E5-2EA56932A511}.Debug|Any CPU.ActiveCfg = Debug|Any CPU
		{190CA695-5E3B-42DA-B7E5-2EA56932A511}.Debug|Any CPU.Build.0 = Debug|Any CPU
		{190CA695-5E3B-42DA-B7E5-2EA56932A511}.Release|Any CPU.ActiveCfg = Release|Any CPU
		{190CA695-5E3B-42DA-B7E5-2EA56932A511}.Release|Any CPU.Build.0 = Release|Any CPU
		{71774D52-356F-4D15-A165-8EA04D652B87}.Debug|Any CPU.ActiveCfg = Debug|Any CPU
		{71774D52-356F-4D15-A165-8EA04D652B87}.Debug|Any CPU.Build.0 = Debug|Any CPU
		{71774D52-356F-4D15-A165-8EA04D652B87}.Release|Any CPU.ActiveCfg = Release|Any CPU
		{71774D52-356F-4D15-A165-8EA04D652B87}.Release|Any CPU.Build.0 = Release|Any CPU
		{3D0FCFC8-2C31-492C-BAA2-3AF8214ED6DF}.Debug|Any CPU.ActiveCfg = Debug|Any CPU
		{3D0FCFC8-2C31-492C-BAA2-3AF8214ED6DF}.Debug|Any CPU.Build.0 = Debug|Any CPU
		{3D0FCFC8-2C31-492C-BAA2-3AF8214ED6DF}.Release|Any CPU.ActiveCfg = Release|Any CPU
		{3D0FCFC8-2C31-492C-BAA2-3AF8214ED6DF}.Release|Any CPU.Build.0 = Release|Any CPU
		{1687E431-D444-4D29-AB19-3688E47FB411}.Debug|Any CPU.ActiveCfg = Debug|Any CPU
		{1687E431-D444-4D29-AB19-3688E47FB411}.Debug|Any CPU.Build.0 = Debug|Any CPU
		{1687E431-D444-4D29-AB19-3688E47FB411}.Release|Any CPU.ActiveCfg = Release|Any CPU
		{1687E431-D444-4D29-AB19-3688E47FB411}.Release|Any CPU.Build.0 = Release|Any CPU
		{04039111-5CBD-459E-AF6E-65F016EEB333}.Debug|Any CPU.ActiveCfg = Debug|Any CPU
		{04039111-5CBD-459E-AF6E-65F016EEB333}.Debug|Any CPU.Build.0 = Debug|Any CPU
		{04039111-5CBD-459E-AF6E-65F016EEB333}.Release|Any CPU.ActiveCfg = Release|Any CPU
		{04039111-5CBD-459E-AF6E-65F016EEB333}.Release|Any CPU.Build.0 = Release|Any CPU
		{A693DAA4-DB12-43DD-BCB8-BB039E22BBA8}.Debug|Any CPU.ActiveCfg = Debug|Any CPU
		{A693DAA4-DB12-43DD-BCB8-BB039E22BBA8}.Debug|Any CPU.Build.0 = Debug|Any CPU
		{A693DAA4-DB12-43DD-BCB8-BB039E22BBA8}.Release|Any CPU.ActiveCfg = Release|Any CPU
		{A693DAA4-DB12-43DD-BCB8-BB039E22BBA8}.Release|Any CPU.Build.0 = Release|Any CPU
		{8E0A63D9-07BF-4440-BE4F-A17B3C395FB6}.Debug|Any CPU.ActiveCfg = Debug|Any CPU
		{8E0A63D9-07BF-4440-BE4F-A17B3C395FB6}.Debug|Any CPU.Build.0 = Debug|Any CPU
		{8E0A63D9-07BF-4440-BE4F-A17B3C395FB6}.Release|Any CPU.ActiveCfg = Release|Any CPU
		{8E0A63D9-07BF-4440-BE4F-A17B3C395FB6}.Release|Any CPU.Build.0 = Release|Any CPU
		{0DABB81F-C5A3-445E-9EA8-5A8235CAD34F}.Debug|Any CPU.ActiveCfg = Debug|Any CPU
		{0DABB81F-C5A3-445E-9EA8-5A8235CAD34F}.Debug|Any CPU.Build.0 = Debug|Any CPU
		{0DABB81F-C5A3-445E-9EA8-5A8235CAD34F}.Release|Any CPU.ActiveCfg = Release|Any CPU
		{0DABB81F-C5A3-445E-9EA8-5A8235CAD34F}.Release|Any CPU.Build.0 = Release|Any CPU
		{355E3027-7851-4EB9-9C91-3B281D01DC02}.Debug|Any CPU.ActiveCfg = Debug|Any CPU
		{355E3027-7851-4EB9-9C91-3B281D01DC02}.Debug|Any CPU.Build.0 = Debug|Any CPU
		{355E3027-7851-4EB9-9C91-3B281D01DC02}.Release|Any CPU.ActiveCfg = Release|Any CPU
		{355E3027-7851-4EB9-9C91-3B281D01DC02}.Release|Any CPU.Build.0 = Release|Any CPU
		{9890605D-8F9C-4AC0-8493-1598DFF0007F}.Debug|Any CPU.ActiveCfg = Debug|Any CPU
		{9890605D-8F9C-4AC0-8493-1598DFF0007F}.Debug|Any CPU.Build.0 = Debug|Any CPU
		{9890605D-8F9C-4AC0-8493-1598DFF0007F}.Release|Any CPU.ActiveCfg = Release|Any CPU
		{9890605D-8F9C-4AC0-8493-1598DFF0007F}.Release|Any CPU.Build.0 = Release|Any CPU
		{CD24CD31-98FA-4F63-913E-9D3FBBD998FB}.Debug|Any CPU.ActiveCfg = Debug|Any CPU
		{CD24CD31-98FA-4F63-913E-9D3FBBD998FB}.Debug|Any CPU.Build.0 = Debug|Any CPU
		{CD24CD31-98FA-4F63-913E-9D3FBBD998FB}.Release|Any CPU.ActiveCfg = Release|Any CPU
		{CD24CD31-98FA-4F63-913E-9D3FBBD998FB}.Release|Any CPU.Build.0 = Release|Any CPU
		{3C79B172-B6A4-41FB-9A83-8075A1B4A318}.Debug|Any CPU.ActiveCfg = Debug|Any CPU
		{3C79B172-B6A4-41FB-9A83-8075A1B4A318}.Debug|Any CPU.Build.0 = Debug|Any CPU
		{3C79B172-B6A4-41FB-9A83-8075A1B4A318}.Release|Any CPU.ActiveCfg = Release|Any CPU
		{3C79B172-B6A4-41FB-9A83-8075A1B4A318}.Release|Any CPU.Build.0 = Release|Any CPU
		{94CA4D36-A404-4E0E-9C39-14613D1C4C39}.Debug|Any CPU.ActiveCfg = Debug|Any CPU
		{94CA4D36-A404-4E0E-9C39-14613D1C4C39}.Debug|Any CPU.Build.0 = Debug|Any CPU
		{94CA4D36-A404-4E0E-9C39-14613D1C4C39}.Release|Any CPU.ActiveCfg = Release|Any CPU
		{94CA4D36-A404-4E0E-9C39-14613D1C4C39}.Release|Any CPU.Build.0 = Release|Any CPU
		{B3AF9767-3F8D-45C9-81BF-4C9BB67E339C}.Debug|Any CPU.ActiveCfg = Debug|Any CPU
		{B3AF9767-3F8D-45C9-81BF-4C9BB67E339C}.Debug|Any CPU.Build.0 = Debug|Any CPU
		{B3AF9767-3F8D-45C9-81BF-4C9BB67E339C}.Release|Any CPU.ActiveCfg = Release|Any CPU
		{B3AF9767-3F8D-45C9-81BF-4C9BB67E339C}.Release|Any CPU.Build.0 = Release|Any CPU
		{2DBC9D19-D683-4F87-B534-DD026B46E763}.Debug|Any CPU.ActiveCfg = Debug|Any CPU
		{2DBC9D19-D683-4F87-B534-DD026B46E763}.Debug|Any CPU.Build.0 = Debug|Any CPU
		{2DBC9D19-D683-4F87-B534-DD026B46E763}.Release|Any CPU.ActiveCfg = Release|Any CPU
		{2DBC9D19-D683-4F87-B534-DD026B46E763}.Release|Any CPU.Build.0 = Release|Any CPU
		{EC183990-FE48-4B26-8B7C-1CA87C37B9B3}.Debug|Any CPU.ActiveCfg = Debug|Any CPU
		{EC183990-FE48-4B26-8B7C-1CA87C37B9B3}.Debug|Any CPU.Build.0 = Debug|Any CPU
		{EC183990-FE48-4B26-8B7C-1CA87C37B9B3}.Release|Any CPU.ActiveCfg = Release|Any CPU
		{EC183990-FE48-4B26-8B7C-1CA87C37B9B3}.Release|Any CPU.Build.0 = Release|Any CPU
		{53AF7FFF-BCAD-43A5-8367-48429B2878BE}.Debug|Any CPU.ActiveCfg = Debug|Any CPU
		{53AF7FFF-BCAD-43A5-8367-48429B2878BE}.Debug|Any CPU.Build.0 = Debug|Any CPU
		{53AF7FFF-BCAD-43A5-8367-48429B2878BE}.Release|Any CPU.ActiveCfg = Release|Any CPU
		{53AF7FFF-BCAD-43A5-8367-48429B2878BE}.Release|Any CPU.Build.0 = Release|Any CPU
	EndGlobalSection
	GlobalSection(SolutionProperties) = preSolution
		HideSolutionNode = FALSE
	EndGlobalSection
	GlobalSection(NestedProjects) = preSolution
		{3D0FCFC8-2C31-492C-BAA2-3AF8214ED6DF} = {8EFF8A1E-6829-4948-BC5C-C2661575653F}
		{1687E431-D444-4D29-AB19-3688E47FB411} = {8EFF8A1E-6829-4948-BC5C-C2661575653F}
		{CD24CD31-98FA-4F63-913E-9D3FBBD998FB} = {97FB9024-2AEA-4AC1-AD00-30045984F5A9}
		{EC183990-FE48-4B26-8B7C-1CA87C37B9B3} = {F6F3AC8A-D1D8-4061-9F83-12754E06B905}
	EndGlobalSection
EndGlobal
