
Microsoft Visual Studio Solution File, Format Version 12.00
# Visual Studio Version 17
VisualStudioVersion = 17.11.35327.3
MinimumVisualStudioVersion = 10.0.40219.1
Project("{2150E333-8FDC-42A3-9474-1A3956D46DE8}") = ".paket", ".paket", "{F5A30D6A-976F-4B53-9796-DAE1C5CAD5D5}"
	ProjectSection(SolutionItems) = preProject
		paket.dependencies = paket.dependencies
	EndProjectSection
EndProject
Project("{FAE04EC0-301F-11D3-BF4B-00C04F79EFBC}") = "TLCGen", "TLCGen\TLCGen.csproj", "{BFC33A68-228A-46B6-9E7D-25F41AC5C02C}"
	ProjectSection(ProjectDependencies) = postProject
		{DEAE73BC-0C8E-47BF-B7AE-850617A34949} = {DEAE73BC-0C8E-47BF-B7AE-850617A34949}
	EndProjectSection
EndProject
Project("{FAE04EC0-301F-11D3-BF4B-00C04F79EFBC}") = "TLCGen.UnitTests", "TLCGen.UnitTests\TLCGen.UnitTests.csproj", "{E82665C6-E37F-461E-B65D-3FC749443955}"
EndProject
Project("{2150E333-8FDC-42A3-9474-1A3956D46DE8}") = "TLCGen.PluggedInItems", "TLCGen.PluggedInItems", "{3B1C2705-8BE6-4ABA-8516-E5B8D67D7846}"
EndProject
Project("{FAE04EC0-301F-11D3-BF4B-00C04F79EFBC}") = "TLCGen.GebruikersOpties", "TLCGen.PluggedInItems\TLCGen.GebruikersOpties\TLCGen.GebruikersOpties.csproj", "{DEAE73BC-0C8E-47BF-B7AE-850617A34949}"
EndProject
Project("{B7DD6F7E-DEF8-4E67-B5B7-07EF123DB6F0}") = "TLCGen.Setup", "TLCGen.Setup\TLCGen.Setup.wixproj", "{3B94F7B2-FBF9-4935-B173-CC8F50B53083}"
EndProject
Project("{FAE04EC0-301F-11D3-BF4B-00C04F79EFBC}") = "TLCGen.Generators.CCOL", "TLCGen.PluggedInItems\TLCGen.Generators.CCOL\TLCGen.Generators.CCOL.csproj", "{3D0FCFC8-2C31-492C-BAA2-3AF8214ED6DF}"
	ProjectSection(ProjectDependencies) = postProject
		{2C677528-AD13-4081-A55F-CE70F9A10B84} = {2C677528-AD13-4081-A55F-CE70F9A10B84}
		{9890605D-8F9C-4AC0-8493-1598DFF0007F} = {9890605D-8F9C-4AC0-8493-1598DFF0007F}
	EndProjectSection
EndProject
Project("{FAE04EC0-301F-11D3-BF4B-00C04F79EFBC}") = "TLCGen.Generators.TLCCC", "TLCGen.PluggedInItems\TLCGen.Generators.YATLCCLC\TLCGen.Generators.TLCCC.csproj", "{1687E431-D444-4D29-AB19-3688E47FB411}"
EndProject
Project("{FAE04EC0-301F-11D3-BF4B-00C04F79EFBC}") = "TLCGen.Importers.TabC", "TLCGen.PluggedInItems\TLCGen.Importers.TabC\TLCGen.Importers.TabC.csproj", "{CD24CD31-98FA-4F63-913E-9D3FBBD998FB}"
EndProject
Project("{2150E333-8FDC-42A3-9474-1A3956D46DE8}") = "TLCGen.Parts", "TLCGen.Parts", "{771B83DC-7071-4E4E-95DE-383F1537D3D6}"
EndProject
Project("{FAE04EC0-301F-11D3-BF4B-00C04F79EFBC}") = "TLCGen.Settings", "TLCGen.Parts\TLCGen.Settings\TLCGen.Settings.csproj", "{3C79B172-B6A4-41FB-9A83-8075A1B4A318}"
EndProject
Project("{FAE04EC0-301F-11D3-BF4B-00C04F79EFBC}") = "TLCGen.Controls", "TLCGen.Parts\TLCGen.Controls\TLCGen.Controls.csproj", "{2C677528-AD13-4081-A55F-CE70F9A10B84}"
EndProject
Project("{FAE04EC0-301F-11D3-BF4B-00C04F79EFBC}") = "TLCGen.CustomPropertyEditors", "TLCGen.Parts\TLCGen.CustomPropertyEditors\TLCGen.CustomPropertyEditors.csproj", "{9890605D-8F9C-4AC0-8493-1598DFF0007F}"
EndProject
Project("{FAE04EC0-301F-11D3-BF4B-00C04F79EFBC}") = "TLCGen.Dialogs", "TLCGen.Parts\TLCGen.Dialogs\TLCGen.Dialogs.csproj", "{CC7BF1EE-CF32-48FE-8FFD-52BF8F443DC4}"
EndProject
Project("{FAE04EC0-301F-11D3-BF4B-00C04F79EFBC}") = "TLCGen.Specificator", "TLCGen.PluggedInItems\TLCGen.Specificator\TLCGen.Specificator.csproj", "{6F5DF100-B22B-40BC-A8C3-7F19817835F0}"
EndProject
Project("{FAE04EC0-301F-11D3-BF4B-00C04F79EFBC}") = "TLCGen.Plugins.Sumo", "TLCGen.PluggedInItems\TLCGen.Plugins.Sumo\TLCGen.Plugins.Sumo.csproj", "{E327CF4F-33B4-4A6F-91AD-17FDE5C91D86}"
EndProject
Project("{FAE04EC0-301F-11D3-BF4B-00C04F79EFBC}") = "TLCGen.Plugins.AFM", "TLCGen.PluggedInItems\TLCGen.Plugins.AFM\TLCGen.Plugins.AFM.csproj", "{688E5FBB-F084-4169-B484-5C5947720E38}"
EndProject
Project("{2150E333-8FDC-42A3-9474-1A3956D46DE8}") = "TLCGen.Dependencies", "TLCGen.Dependencies", "{8918AA2A-5466-4DBA-B19F-F41017B85F1E}"
EndProject
Project("{FAE04EC0-301F-11D3-BF4B-00C04F79EFBC}") = "TLCGen.Dependencies", "TLCGen.Dependencies\TLCGen.Dependencies\TLCGen.Dependencies.csproj", "{8D6F4BB4-41B7-4757-B6CE-AF9737AD3631}"
EndProject
Project("{FAE04EC0-301F-11D3-BF4B-00C04F79EFBC}") = "TLCGen.Updater", "TLCGen.Dependencies\TLCGen.Updater\TLCGen.Updater.csproj", "{208F78BE-CEC8-45D9-BA1A-FD9443B983E6}"
EndProject
Project("{2150E333-8FDC-42A3-9474-1A3956D46DE8}") = "Solution Items", "Solution Items", "{8772071F-66B1-4D28-A185-ECBCF3927E2E}"
	ProjectSection(SolutionItems) = preProject
		.gitignore = .gitignore
		appveyor.yml = appveyor.yml
		LICENSE.md = LICENSE.md
		README.md = README.md
	EndProjectSection
EndProject
Project("{FAE04EC0-301F-11D3-BF4B-00C04F79EFBC}") = "TLCGen.Plugins.DynamischeHiaat", "TLCGen.PluggedInItems\TLCGen.Plugins.DynamischHiaat\TLCGen.Plugins.DynamischeHiaat.csproj", "{470913DE-034E-4502-AAC8-E62AAB880BD1}"
EndProject
Project("{FAE04EC0-301F-11D3-BF4B-00C04F79EFBC}") = "TLCGen.ModelManagement", "TLCGen.Dependencies\TLCGen.ModelManager\TLCGen.ModelManagement.csproj", "{A00CDD4C-3053-40C2-9659-B4A92192DB26}"
EndProject
Project("{FAE04EC0-301F-11D3-BF4B-00C04F79EFBC}") = "TLCGen.DataAccess", "TLCGen.Dependencies\TLCGen.DataAccess\TLCGen.DataAccess.csproj", "{2C2E8CE7-2299-48AB-B3A0-862AD01098DD}"
EndProject
Project("{2150E333-8FDC-42A3-9474-1A3956D46DE8}") = "TLCGen.Tools", "TLCGen.Tools", "{9F8877E6-72AE-4F17-9BC1-D780EE0A94EA}"
EndProject
Project("{FAE04EC0-301F-11D3-BF4B-00C04F79EFBC}") = "TLCGen.FolderVersionRenamer", "TLCGen.Tools\TLCGen.FolderVersionRenamer\TLCGen.FolderVersionRenamer.csproj", "{E3192DC3-92E6-4F82-A6C2-75CF04AE2B45}"
EndProject
Project("{FAE04EC0-301F-11D3-BF4B-00C04F79EFBC}") = "TLCGen.Specificator.Tester", "TLCGen.Tools\TLCGen.Specificator.Tester\TLCGen.Specificator.Tester.csproj", "{FBAF7C79-9802-44C3-BBB1-E75F22590A96}"
EndProject
Project("{FAE04EC0-301F-11D3-BF4B-00C04F79EFBC}") = "TLCGen.WikiConverter", "TLCGen.Tools\TLCGen.WikiConverter\TLCGen.WikiConverter.csproj", "{F524A611-C32B-4EB9-94B7-3CD95AC80ED2}"
EndProject
Project("{FAE04EC0-301F-11D3-BF4B-00C04F79EFBC}") = "TLCGen.Plugins.Tools", "TLCGen.PluggedInItems\TLCGen.Plugins.Tools\TLCGen.Plugins.Tools.csproj", "{3EA87140-CB65-4A8D-B93F-0FF1B2520B13}"
EndProject
Project("{FAE04EC0-301F-11D3-BF4B-00C04F79EFBC}") = "TLCGen.Plugins.MultiSim", "TLCGen.PluggedInItems\TLCGen.Plugins.MultiSim\TLCGen.Plugins.MultiSim.csproj", "{4244BF1C-FBF7-4647-9D71-3C25E756B4E1}"
EndProject
Project("{FAE04EC0-301F-11D3-BF4B-00C04F79EFBC}") = "TLCGen.Importers.Itf", "TLCGen.PluggedInItems\TLCGen.Importers.Itf\TLCGen.Importers.Itf\TLCGen.Importers.Itf.csproj", "{37E1D041-BB8B-4F4D-B873-1699F0E02B12}"
EndProject
Project("{FAE04EC0-301F-11D3-BF4B-00C04F79EFBC}") = "TLCGen.SharedControls", "TLCGen.SharedControls\TLCGen.SharedControls.csproj", "{993DCCCF-6703-4A05-B94B-3990D515142A}"
EndProject
Project("{FAE04EC0-301F-11D3-BF4B-00C04F79EFBC}") = "TLCGen.Plugins.AutoBuild", "TLCGen.PluggedInItems\TLCGen.Plugins.AutoBuild\TLCGen.Plugins.AutoBuild.csproj", "{73AFE044-0175-4EA0-BC0D-7E9A5386DAB6}"
EndProject
Project("{FAE04EC0-301F-11D3-BF4B-00C04F79EFBC}") = "TLCGen.Plugins.Additor", "TLCGen.PluggedInItems\TLCGen.Plugins.Additor\TLCGen.Plugins.Additor.csproj", "{E8EAB6E3-B769-481A-8712-12442767742C}"
EndProject
Project("{9A19103F-16F7-4668-BE54-9A1E7A4F7556}") = "_build", "build\_build.csproj", "{31240136-1A28-4697-801B-2605758F2BFD}"
EndProject
Global
	GlobalSection(SolutionConfigurationPlatforms) = preSolution
		Debug|Any CPU = Debug|Any CPU
		Debug|x86 = Debug|x86
		Release|Any CPU = Release|Any CPU
		Release|x86 = Release|x86
	EndGlobalSection
	GlobalSection(ProjectConfigurationPlatforms) = postSolution
		{BFC33A68-228A-46B6-9E7D-25F41AC5C02C}.Debug|Any CPU.ActiveCfg = Debug|Any CPU
		{BFC33A68-228A-46B6-9E7D-25F41AC5C02C}.Debug|Any CPU.Build.0 = Debug|Any CPU
		{BFC33A68-228A-46B6-9E7D-25F41AC5C02C}.Debug|x86.ActiveCfg = Debug|Any CPU
		{BFC33A68-228A-46B6-9E7D-25F41AC5C02C}.Debug|x86.Build.0 = Debug|Any CPU
		{BFC33A68-228A-46B6-9E7D-25F41AC5C02C}.Release|Any CPU.ActiveCfg = Release|Any CPU
		{BFC33A68-228A-46B6-9E7D-25F41AC5C02C}.Release|Any CPU.Build.0 = Release|Any CPU
		{BFC33A68-228A-46B6-9E7D-25F41AC5C02C}.Release|x86.ActiveCfg = Release|Any CPU
		{BFC33A68-228A-46B6-9E7D-25F41AC5C02C}.Release|x86.Build.0 = Release|Any CPU
		{E82665C6-E37F-461E-B65D-3FC749443955}.Debug|Any CPU.ActiveCfg = Debug|Any CPU
		{E82665C6-E37F-461E-B65D-3FC749443955}.Debug|Any CPU.Build.0 = Debug|Any CPU
		{E82665C6-E37F-461E-B65D-3FC749443955}.Debug|x86.ActiveCfg = Debug|Any CPU
		{E82665C6-E37F-461E-B65D-3FC749443955}.Debug|x86.Build.0 = Debug|Any CPU
		{E82665C6-E37F-461E-B65D-3FC749443955}.Release|Any CPU.ActiveCfg = Release|Any CPU
		{E82665C6-E37F-461E-B65D-3FC749443955}.Release|Any CPU.Build.0 = Release|Any CPU
		{E82665C6-E37F-461E-B65D-3FC749443955}.Release|x86.ActiveCfg = Release|Any CPU
		{E82665C6-E37F-461E-B65D-3FC749443955}.Release|x86.Build.0 = Release|Any CPU
		{DEAE73BC-0C8E-47BF-B7AE-850617A34949}.Debug|Any CPU.ActiveCfg = Debug|Any CPU
		{DEAE73BC-0C8E-47BF-B7AE-850617A34949}.Debug|Any CPU.Build.0 = Debug|Any CPU
		{DEAE73BC-0C8E-47BF-B7AE-850617A34949}.Debug|x86.ActiveCfg = Debug|Any CPU
		{DEAE73BC-0C8E-47BF-B7AE-850617A34949}.Debug|x86.Build.0 = Debug|Any CPU
		{DEAE73BC-0C8E-47BF-B7AE-850617A34949}.Release|Any CPU.ActiveCfg = Release|Any CPU
		{DEAE73BC-0C8E-47BF-B7AE-850617A34949}.Release|Any CPU.Build.0 = Release|Any CPU
		{DEAE73BC-0C8E-47BF-B7AE-850617A34949}.Release|x86.ActiveCfg = Release|Any CPU
		{DEAE73BC-0C8E-47BF-B7AE-850617A34949}.Release|x86.Build.0 = Release|Any CPU
		{3B94F7B2-FBF9-4935-B173-CC8F50B53083}.Debug|Any CPU.ActiveCfg = Debug|x86
		{3B94F7B2-FBF9-4935-B173-CC8F50B53083}.Debug|x86.ActiveCfg = Debug|x86
		{3B94F7B2-FBF9-4935-B173-CC8F50B53083}.Debug|x86.Build.0 = Debug|x86
		{3B94F7B2-FBF9-4935-B173-CC8F50B53083}.Release|Any CPU.ActiveCfg = Release|x86
		{3B94F7B2-FBF9-4935-B173-CC8F50B53083}.Release|x86.ActiveCfg = Release|x86
		{3B94F7B2-FBF9-4935-B173-CC8F50B53083}.Release|x86.Build.0 = Release|x86
		{3D0FCFC8-2C31-492C-BAA2-3AF8214ED6DF}.Debug|Any CPU.ActiveCfg = Debug|Any CPU
		{3D0FCFC8-2C31-492C-BAA2-3AF8214ED6DF}.Debug|Any CPU.Build.0 = Debug|Any CPU
		{3D0FCFC8-2C31-492C-BAA2-3AF8214ED6DF}.Debug|x86.ActiveCfg = Debug|Any CPU
		{3D0FCFC8-2C31-492C-BAA2-3AF8214ED6DF}.Debug|x86.Build.0 = Debug|Any CPU
		{3D0FCFC8-2C31-492C-BAA2-3AF8214ED6DF}.Release|Any CPU.ActiveCfg = Release|Any CPU
		{3D0FCFC8-2C31-492C-BAA2-3AF8214ED6DF}.Release|Any CPU.Build.0 = Release|Any CPU
		{3D0FCFC8-2C31-492C-BAA2-3AF8214ED6DF}.Release|x86.ActiveCfg = Release|Any CPU
		{3D0FCFC8-2C31-492C-BAA2-3AF8214ED6DF}.Release|x86.Build.0 = Release|Any CPU
		{1687E431-D444-4D29-AB19-3688E47FB411}.Debug|Any CPU.ActiveCfg = Debug|Any CPU
		{1687E431-D444-4D29-AB19-3688E47FB411}.Debug|Any CPU.Build.0 = Debug|Any CPU
		{1687E431-D444-4D29-AB19-3688E47FB411}.Debug|x86.ActiveCfg = Debug|Any CPU
		{1687E431-D444-4D29-AB19-3688E47FB411}.Debug|x86.Build.0 = Debug|Any CPU
		{1687E431-D444-4D29-AB19-3688E47FB411}.Release|Any CPU.ActiveCfg = Release|Any CPU
		{1687E431-D444-4D29-AB19-3688E47FB411}.Release|Any CPU.Build.0 = Release|Any CPU
		{1687E431-D444-4D29-AB19-3688E47FB411}.Release|x86.ActiveCfg = Release|Any CPU
		{1687E431-D444-4D29-AB19-3688E47FB411}.Release|x86.Build.0 = Release|Any CPU
		{CD24CD31-98FA-4F63-913E-9D3FBBD998FB}.Debug|Any CPU.ActiveCfg = Debug|Any CPU
		{CD24CD31-98FA-4F63-913E-9D3FBBD998FB}.Debug|Any CPU.Build.0 = Debug|Any CPU
		{CD24CD31-98FA-4F63-913E-9D3FBBD998FB}.Debug|x86.ActiveCfg = Debug|Any CPU
		{CD24CD31-98FA-4F63-913E-9D3FBBD998FB}.Debug|x86.Build.0 = Debug|Any CPU
		{CD24CD31-98FA-4F63-913E-9D3FBBD998FB}.Release|Any CPU.ActiveCfg = Release|Any CPU
		{CD24CD31-98FA-4F63-913E-9D3FBBD998FB}.Release|Any CPU.Build.0 = Release|Any CPU
		{CD24CD31-98FA-4F63-913E-9D3FBBD998FB}.Release|x86.ActiveCfg = Release|Any CPU
		{CD24CD31-98FA-4F63-913E-9D3FBBD998FB}.Release|x86.Build.0 = Release|Any CPU
		{3C79B172-B6A4-41FB-9A83-8075A1B4A318}.Debug|Any CPU.ActiveCfg = Debug|Any CPU
		{3C79B172-B6A4-41FB-9A83-8075A1B4A318}.Debug|Any CPU.Build.0 = Debug|Any CPU
		{3C79B172-B6A4-41FB-9A83-8075A1B4A318}.Debug|x86.ActiveCfg = Debug|Any CPU
		{3C79B172-B6A4-41FB-9A83-8075A1B4A318}.Debug|x86.Build.0 = Debug|Any CPU
		{3C79B172-B6A4-41FB-9A83-8075A1B4A318}.Release|Any CPU.ActiveCfg = Release|Any CPU
		{3C79B172-B6A4-41FB-9A83-8075A1B4A318}.Release|Any CPU.Build.0 = Release|Any CPU
		{3C79B172-B6A4-41FB-9A83-8075A1B4A318}.Release|x86.ActiveCfg = Release|Any CPU
		{3C79B172-B6A4-41FB-9A83-8075A1B4A318}.Release|x86.Build.0 = Release|Any CPU
		{2C677528-AD13-4081-A55F-CE70F9A10B84}.Debug|Any CPU.ActiveCfg = Debug|Any CPU
		{2C677528-AD13-4081-A55F-CE70F9A10B84}.Debug|Any CPU.Build.0 = Debug|Any CPU
		{2C677528-AD13-4081-A55F-CE70F9A10B84}.Debug|x86.ActiveCfg = Debug|Any CPU
		{2C677528-AD13-4081-A55F-CE70F9A10B84}.Debug|x86.Build.0 = Debug|Any CPU
		{2C677528-AD13-4081-A55F-CE70F9A10B84}.Release|Any CPU.ActiveCfg = Release|Any CPU
		{2C677528-AD13-4081-A55F-CE70F9A10B84}.Release|Any CPU.Build.0 = Release|Any CPU
		{2C677528-AD13-4081-A55F-CE70F9A10B84}.Release|x86.ActiveCfg = Release|Any CPU
		{2C677528-AD13-4081-A55F-CE70F9A10B84}.Release|x86.Build.0 = Release|Any CPU
		{9890605D-8F9C-4AC0-8493-1598DFF0007F}.Debug|Any CPU.ActiveCfg = Debug|Any CPU
		{9890605D-8F9C-4AC0-8493-1598DFF0007F}.Debug|Any CPU.Build.0 = Debug|Any CPU
		{9890605D-8F9C-4AC0-8493-1598DFF0007F}.Debug|x86.ActiveCfg = Debug|Any CPU
		{9890605D-8F9C-4AC0-8493-1598DFF0007F}.Debug|x86.Build.0 = Debug|Any CPU
		{9890605D-8F9C-4AC0-8493-1598DFF0007F}.Release|Any CPU.ActiveCfg = Release|Any CPU
		{9890605D-8F9C-4AC0-8493-1598DFF0007F}.Release|Any CPU.Build.0 = Release|Any CPU
		{9890605D-8F9C-4AC0-8493-1598DFF0007F}.Release|x86.ActiveCfg = Release|Any CPU
		{9890605D-8F9C-4AC0-8493-1598DFF0007F}.Release|x86.Build.0 = Release|Any CPU
		{CC7BF1EE-CF32-48FE-8FFD-52BF8F443DC4}.Debug|Any CPU.ActiveCfg = Debug|Any CPU
		{CC7BF1EE-CF32-48FE-8FFD-52BF8F443DC4}.Debug|Any CPU.Build.0 = Debug|Any CPU
		{CC7BF1EE-CF32-48FE-8FFD-52BF8F443DC4}.Debug|x86.ActiveCfg = Debug|Any CPU
		{CC7BF1EE-CF32-48FE-8FFD-52BF8F443DC4}.Debug|x86.Build.0 = Debug|Any CPU
		{CC7BF1EE-CF32-48FE-8FFD-52BF8F443DC4}.Release|Any CPU.ActiveCfg = Release|Any CPU
		{CC7BF1EE-CF32-48FE-8FFD-52BF8F443DC4}.Release|Any CPU.Build.0 = Release|Any CPU
		{CC7BF1EE-CF32-48FE-8FFD-52BF8F443DC4}.Release|x86.ActiveCfg = Release|Any CPU
		{CC7BF1EE-CF32-48FE-8FFD-52BF8F443DC4}.Release|x86.Build.0 = Release|Any CPU
		{6F5DF100-B22B-40BC-A8C3-7F19817835F0}.Debug|Any CPU.ActiveCfg = Debug|Any CPU
		{6F5DF100-B22B-40BC-A8C3-7F19817835F0}.Debug|Any CPU.Build.0 = Debug|Any CPU
		{6F5DF100-B22B-40BC-A8C3-7F19817835F0}.Debug|x86.ActiveCfg = Debug|Any CPU
		{6F5DF100-B22B-40BC-A8C3-7F19817835F0}.Debug|x86.Build.0 = Debug|Any CPU
		{6F5DF100-B22B-40BC-A8C3-7F19817835F0}.Release|Any CPU.ActiveCfg = Release|Any CPU
		{6F5DF100-B22B-40BC-A8C3-7F19817835F0}.Release|Any CPU.Build.0 = Release|Any CPU
		{6F5DF100-B22B-40BC-A8C3-7F19817835F0}.Release|x86.ActiveCfg = Release|Any CPU
		{6F5DF100-B22B-40BC-A8C3-7F19817835F0}.Release|x86.Build.0 = Release|Any CPU
		{E327CF4F-33B4-4A6F-91AD-17FDE5C91D86}.Debug|Any CPU.ActiveCfg = Debug|Any CPU
		{E327CF4F-33B4-4A6F-91AD-17FDE5C91D86}.Debug|Any CPU.Build.0 = Debug|Any CPU
		{E327CF4F-33B4-4A6F-91AD-17FDE5C91D86}.Debug|x86.ActiveCfg = Debug|Any CPU
		{E327CF4F-33B4-4A6F-91AD-17FDE5C91D86}.Debug|x86.Build.0 = Debug|Any CPU
		{E327CF4F-33B4-4A6F-91AD-17FDE5C91D86}.Release|Any CPU.ActiveCfg = Release|Any CPU
		{E327CF4F-33B4-4A6F-91AD-17FDE5C91D86}.Release|Any CPU.Build.0 = Release|Any CPU
		{E327CF4F-33B4-4A6F-91AD-17FDE5C91D86}.Release|x86.ActiveCfg = Release|Any CPU
		{E327CF4F-33B4-4A6F-91AD-17FDE5C91D86}.Release|x86.Build.0 = Release|Any CPU
		{688E5FBB-F084-4169-B484-5C5947720E38}.Debug|Any CPU.ActiveCfg = Debug|Any CPU
		{688E5FBB-F084-4169-B484-5C5947720E38}.Debug|Any CPU.Build.0 = Debug|Any CPU
		{688E5FBB-F084-4169-B484-5C5947720E38}.Debug|x86.ActiveCfg = Debug|Any CPU
		{688E5FBB-F084-4169-B484-5C5947720E38}.Debug|x86.Build.0 = Debug|Any CPU
		{688E5FBB-F084-4169-B484-5C5947720E38}.Release|Any CPU.ActiveCfg = Release|Any CPU
		{688E5FBB-F084-4169-B484-5C5947720E38}.Release|Any CPU.Build.0 = Release|Any CPU
		{688E5FBB-F084-4169-B484-5C5947720E38}.Release|x86.ActiveCfg = Release|Any CPU
		{688E5FBB-F084-4169-B484-5C5947720E38}.Release|x86.Build.0 = Release|Any CPU
		{8D6F4BB4-41B7-4757-B6CE-AF9737AD3631}.Debug|Any CPU.ActiveCfg = Debug|Any CPU
		{8D6F4BB4-41B7-4757-B6CE-AF9737AD3631}.Debug|Any CPU.Build.0 = Debug|Any CPU
		{8D6F4BB4-41B7-4757-B6CE-AF9737AD3631}.Debug|x86.ActiveCfg = Debug|Any CPU
		{8D6F4BB4-41B7-4757-B6CE-AF9737AD3631}.Debug|x86.Build.0 = Debug|Any CPU
		{8D6F4BB4-41B7-4757-B6CE-AF9737AD3631}.Release|Any CPU.ActiveCfg = Release|Any CPU
		{8D6F4BB4-41B7-4757-B6CE-AF9737AD3631}.Release|Any CPU.Build.0 = Release|Any CPU
		{8D6F4BB4-41B7-4757-B6CE-AF9737AD3631}.Release|x86.ActiveCfg = Release|Any CPU
		{8D6F4BB4-41B7-4757-B6CE-AF9737AD3631}.Release|x86.Build.0 = Release|Any CPU
		{208F78BE-CEC8-45D9-BA1A-FD9443B983E6}.Debug|Any CPU.ActiveCfg = Debug|Any CPU
		{208F78BE-CEC8-45D9-BA1A-FD9443B983E6}.Debug|Any CPU.Build.0 = Debug|Any CPU
		{208F78BE-CEC8-45D9-BA1A-FD9443B983E6}.Debug|x86.ActiveCfg = Debug|Any CPU
		{208F78BE-CEC8-45D9-BA1A-FD9443B983E6}.Debug|x86.Build.0 = Debug|Any CPU
		{208F78BE-CEC8-45D9-BA1A-FD9443B983E6}.Release|Any CPU.ActiveCfg = Release|Any CPU
		{208F78BE-CEC8-45D9-BA1A-FD9443B983E6}.Release|Any CPU.Build.0 = Release|Any CPU
		{208F78BE-CEC8-45D9-BA1A-FD9443B983E6}.Release|x86.ActiveCfg = Release|Any CPU
		{208F78BE-CEC8-45D9-BA1A-FD9443B983E6}.Release|x86.Build.0 = Release|Any CPU
		{470913DE-034E-4502-AAC8-E62AAB880BD1}.Debug|Any CPU.ActiveCfg = Debug|Any CPU
		{470913DE-034E-4502-AAC8-E62AAB880BD1}.Debug|Any CPU.Build.0 = Debug|Any CPU
		{470913DE-034E-4502-AAC8-E62AAB880BD1}.Debug|x86.ActiveCfg = Debug|Any CPU
		{470913DE-034E-4502-AAC8-E62AAB880BD1}.Debug|x86.Build.0 = Debug|Any CPU
		{470913DE-034E-4502-AAC8-E62AAB880BD1}.Release|Any CPU.ActiveCfg = Release|Any CPU
		{470913DE-034E-4502-AAC8-E62AAB880BD1}.Release|Any CPU.Build.0 = Release|Any CPU
		{470913DE-034E-4502-AAC8-E62AAB880BD1}.Release|x86.ActiveCfg = Release|Any CPU
		{470913DE-034E-4502-AAC8-E62AAB880BD1}.Release|x86.Build.0 = Release|Any CPU
		{A00CDD4C-3053-40C2-9659-B4A92192DB26}.Debug|Any CPU.ActiveCfg = Debug|Any CPU
		{A00CDD4C-3053-40C2-9659-B4A92192DB26}.Debug|Any CPU.Build.0 = Debug|Any CPU
		{A00CDD4C-3053-40C2-9659-B4A92192DB26}.Debug|x86.ActiveCfg = Debug|Any CPU
		{A00CDD4C-3053-40C2-9659-B4A92192DB26}.Debug|x86.Build.0 = Debug|Any CPU
		{A00CDD4C-3053-40C2-9659-B4A92192DB26}.Release|Any CPU.ActiveCfg = Release|Any CPU
		{A00CDD4C-3053-40C2-9659-B4A92192DB26}.Release|Any CPU.Build.0 = Release|Any CPU
		{A00CDD4C-3053-40C2-9659-B4A92192DB26}.Release|x86.ActiveCfg = Release|Any CPU
		{A00CDD4C-3053-40C2-9659-B4A92192DB26}.Release|x86.Build.0 = Release|Any CPU
		{2C2E8CE7-2299-48AB-B3A0-862AD01098DD}.Debug|Any CPU.ActiveCfg = Debug|Any CPU
		{2C2E8CE7-2299-48AB-B3A0-862AD01098DD}.Debug|Any CPU.Build.0 = Debug|Any CPU
		{2C2E8CE7-2299-48AB-B3A0-862AD01098DD}.Debug|x86.ActiveCfg = Debug|Any CPU
		{2C2E8CE7-2299-48AB-B3A0-862AD01098DD}.Debug|x86.Build.0 = Debug|Any CPU
		{2C2E8CE7-2299-48AB-B3A0-862AD01098DD}.Release|Any CPU.ActiveCfg = Release|Any CPU
		{2C2E8CE7-2299-48AB-B3A0-862AD01098DD}.Release|Any CPU.Build.0 = Release|Any CPU
		{2C2E8CE7-2299-48AB-B3A0-862AD01098DD}.Release|x86.ActiveCfg = Release|Any CPU
		{2C2E8CE7-2299-48AB-B3A0-862AD01098DD}.Release|x86.Build.0 = Release|Any CPU
		{E3192DC3-92E6-4F82-A6C2-75CF04AE2B45}.Debug|Any CPU.ActiveCfg = Debug|Any CPU
		{E3192DC3-92E6-4F82-A6C2-75CF04AE2B45}.Debug|Any CPU.Build.0 = Debug|Any CPU
		{E3192DC3-92E6-4F82-A6C2-75CF04AE2B45}.Debug|x86.ActiveCfg = Debug|Any CPU
		{E3192DC3-92E6-4F82-A6C2-75CF04AE2B45}.Debug|x86.Build.0 = Debug|Any CPU
		{E3192DC3-92E6-4F82-A6C2-75CF04AE2B45}.Release|Any CPU.ActiveCfg = Release|Any CPU
		{E3192DC3-92E6-4F82-A6C2-75CF04AE2B45}.Release|Any CPU.Build.0 = Release|Any CPU
		{E3192DC3-92E6-4F82-A6C2-75CF04AE2B45}.Release|x86.ActiveCfg = Release|Any CPU
		{E3192DC3-92E6-4F82-A6C2-75CF04AE2B45}.Release|x86.Build.0 = Release|Any CPU
		{FBAF7C79-9802-44C3-BBB1-E75F22590A96}.Debug|Any CPU.ActiveCfg = Debug|Any CPU
		{FBAF7C79-9802-44C3-BBB1-E75F22590A96}.Debug|Any CPU.Build.0 = Debug|Any CPU
		{FBAF7C79-9802-44C3-BBB1-E75F22590A96}.Debug|x86.ActiveCfg = Debug|Any CPU
		{FBAF7C79-9802-44C3-BBB1-E75F22590A96}.Debug|x86.Build.0 = Debug|Any CPU
		{FBAF7C79-9802-44C3-BBB1-E75F22590A96}.Release|Any CPU.ActiveCfg = Release|Any CPU
		{FBAF7C79-9802-44C3-BBB1-E75F22590A96}.Release|Any CPU.Build.0 = Release|Any CPU
		{FBAF7C79-9802-44C3-BBB1-E75F22590A96}.Release|x86.ActiveCfg = Release|Any CPU
		{FBAF7C79-9802-44C3-BBB1-E75F22590A96}.Release|x86.Build.0 = Release|Any CPU
		{F524A611-C32B-4EB9-94B7-3CD95AC80ED2}.Debug|Any CPU.ActiveCfg = Debug|Any CPU
		{F524A611-C32B-4EB9-94B7-3CD95AC80ED2}.Debug|Any CPU.Build.0 = Debug|Any CPU
		{F524A611-C32B-4EB9-94B7-3CD95AC80ED2}.Debug|x86.ActiveCfg = Debug|Any CPU
		{F524A611-C32B-4EB9-94B7-3CD95AC80ED2}.Debug|x86.Build.0 = Debug|Any CPU
		{F524A611-C32B-4EB9-94B7-3CD95AC80ED2}.Release|Any CPU.ActiveCfg = Release|Any CPU
		{F524A611-C32B-4EB9-94B7-3CD95AC80ED2}.Release|Any CPU.Build.0 = Release|Any CPU
		{F524A611-C32B-4EB9-94B7-3CD95AC80ED2}.Release|x86.ActiveCfg = Release|Any CPU
		{F524A611-C32B-4EB9-94B7-3CD95AC80ED2}.Release|x86.Build.0 = Release|Any CPU
		{3EA87140-CB65-4A8D-B93F-0FF1B2520B13}.Debug|Any CPU.ActiveCfg = Debug|Any CPU
		{3EA87140-CB65-4A8D-B93F-0FF1B2520B13}.Debug|Any CPU.Build.0 = Debug|Any CPU
		{3EA87140-CB65-4A8D-B93F-0FF1B2520B13}.Debug|x86.ActiveCfg = Debug|Any CPU
		{3EA87140-CB65-4A8D-B93F-0FF1B2520B13}.Debug|x86.Build.0 = Debug|Any CPU
		{3EA87140-CB65-4A8D-B93F-0FF1B2520B13}.Release|Any CPU.ActiveCfg = Release|Any CPU
		{3EA87140-CB65-4A8D-B93F-0FF1B2520B13}.Release|Any CPU.Build.0 = Release|Any CPU
		{3EA87140-CB65-4A8D-B93F-0FF1B2520B13}.Release|x86.ActiveCfg = Release|Any CPU
		{3EA87140-CB65-4A8D-B93F-0FF1B2520B13}.Release|x86.Build.0 = Release|Any CPU
		{4244BF1C-FBF7-4647-9D71-3C25E756B4E1}.Debug|Any CPU.ActiveCfg = Debug|Any CPU
		{4244BF1C-FBF7-4647-9D71-3C25E756B4E1}.Debug|Any CPU.Build.0 = Debug|Any CPU
		{4244BF1C-FBF7-4647-9D71-3C25E756B4E1}.Debug|x86.ActiveCfg = Debug|Any CPU
		{4244BF1C-FBF7-4647-9D71-3C25E756B4E1}.Debug|x86.Build.0 = Debug|Any CPU
		{4244BF1C-FBF7-4647-9D71-3C25E756B4E1}.Release|Any CPU.ActiveCfg = Release|Any CPU
		{4244BF1C-FBF7-4647-9D71-3C25E756B4E1}.Release|Any CPU.Build.0 = Release|Any CPU
		{4244BF1C-FBF7-4647-9D71-3C25E756B4E1}.Release|x86.ActiveCfg = Release|Any CPU
		{4244BF1C-FBF7-4647-9D71-3C25E756B4E1}.Release|x86.Build.0 = Release|Any CPU
		{37E1D041-BB8B-4F4D-B873-1699F0E02B12}.Debug|Any CPU.ActiveCfg = Debug|Any CPU
		{37E1D041-BB8B-4F4D-B873-1699F0E02B12}.Debug|Any CPU.Build.0 = Debug|Any CPU
		{37E1D041-BB8B-4F4D-B873-1699F0E02B12}.Debug|x86.ActiveCfg = Debug|Any CPU
		{37E1D041-BB8B-4F4D-B873-1699F0E02B12}.Debug|x86.Build.0 = Debug|Any CPU
		{37E1D041-BB8B-4F4D-B873-1699F0E02B12}.Release|Any CPU.ActiveCfg = Release|Any CPU
		{37E1D041-BB8B-4F4D-B873-1699F0E02B12}.Release|Any CPU.Build.0 = Release|Any CPU
		{37E1D041-BB8B-4F4D-B873-1699F0E02B12}.Release|x86.ActiveCfg = Release|Any CPU
		{37E1D041-BB8B-4F4D-B873-1699F0E02B12}.Release|x86.Build.0 = Release|Any CPU
		{993DCCCF-6703-4A05-B94B-3990D515142A}.Debug|Any CPU.ActiveCfg = Debug|Any CPU
		{993DCCCF-6703-4A05-B94B-3990D515142A}.Debug|Any CPU.Build.0 = Debug|Any CPU
		{993DCCCF-6703-4A05-B94B-3990D515142A}.Debug|x86.ActiveCfg = Debug|Any CPU
		{993DCCCF-6703-4A05-B94B-3990D515142A}.Debug|x86.Build.0 = Debug|Any CPU
		{993DCCCF-6703-4A05-B94B-3990D515142A}.Release|Any CPU.ActiveCfg = Release|Any CPU
		{993DCCCF-6703-4A05-B94B-3990D515142A}.Release|Any CPU.Build.0 = Release|Any CPU
		{993DCCCF-6703-4A05-B94B-3990D515142A}.Release|x86.ActiveCfg = Release|Any CPU
		{993DCCCF-6703-4A05-B94B-3990D515142A}.Release|x86.Build.0 = Release|Any CPU
		{73AFE044-0175-4EA0-BC0D-7E9A5386DAB6}.Debug|Any CPU.ActiveCfg = Debug|Any CPU
		{73AFE044-0175-4EA0-BC0D-7E9A5386DAB6}.Debug|Any CPU.Build.0 = Debug|Any CPU
		{73AFE044-0175-4EA0-BC0D-7E9A5386DAB6}.Debug|x86.ActiveCfg = Debug|Any CPU
		{73AFE044-0175-4EA0-BC0D-7E9A5386DAB6}.Debug|x86.Build.0 = Debug|Any CPU
		{73AFE044-0175-4EA0-BC0D-7E9A5386DAB6}.Release|Any CPU.ActiveCfg = Release|Any CPU
		{73AFE044-0175-4EA0-BC0D-7E9A5386DAB6}.Release|Any CPU.Build.0 = Release|Any CPU
		{73AFE044-0175-4EA0-BC0D-7E9A5386DAB6}.Release|x86.ActiveCfg = Release|Any CPU
		{73AFE044-0175-4EA0-BC0D-7E9A5386DAB6}.Release|x86.Build.0 = Release|Any CPU
		{E8EAB6E3-B769-481A-8712-12442767742C}.Debug|Any CPU.ActiveCfg = Debug|Any CPU
		{E8EAB6E3-B769-481A-8712-12442767742C}.Debug|Any CPU.Build.0 = Debug|Any CPU
		{E8EAB6E3-B769-481A-8712-12442767742C}.Debug|x86.ActiveCfg = Debug|Any CPU
		{E8EAB6E3-B769-481A-8712-12442767742C}.Debug|x86.Build.0 = Debug|Any CPU
		{E8EAB6E3-B769-481A-8712-12442767742C}.Release|Any CPU.ActiveCfg = Release|Any CPU
		{E8EAB6E3-B769-481A-8712-12442767742C}.Release|Any CPU.Build.0 = Release|Any CPU
		{E8EAB6E3-B769-481A-8712-12442767742C}.Release|x86.ActiveCfg = Release|Any CPU
		{E8EAB6E3-B769-481A-8712-12442767742C}.Release|x86.Build.0 = Release|Any CPU
		{31240136-1A28-4697-801B-2605758F2BFD}.Debug|Any CPU.ActiveCfg = Debug|Any CPU
		{31240136-1A28-4697-801B-2605758F2BFD}.Debug|x86.ActiveCfg = Debug|Any CPU
		{31240136-1A28-4697-801B-2605758F2BFD}.Debug|x86.Build.0 = Debug|Any CPU
		{31240136-1A28-4697-801B-2605758F2BFD}.Release|Any CPU.ActiveCfg = Release|Any CPU
		{31240136-1A28-4697-801B-2605758F2BFD}.Release|x86.ActiveCfg = Release|Any CPU
		{31240136-1A28-4697-801B-2605758F2BFD}.Release|x86.Build.0 = Release|Any CPU
	EndGlobalSection
	GlobalSection(SolutionProperties) = preSolution
		HideSolutionNode = FALSE
	EndGlobalSection
	GlobalSection(NestedProjects) = preSolution
		{DEAE73BC-0C8E-47BF-B7AE-850617A34949} = {3B1C2705-8BE6-4ABA-8516-E5B8D67D7846}
		{3D0FCFC8-2C31-492C-BAA2-3AF8214ED6DF} = {3B1C2705-8BE6-4ABA-8516-E5B8D67D7846}
		{1687E431-D444-4D29-AB19-3688E47FB411} = {3B1C2705-8BE6-4ABA-8516-E5B8D67D7846}
		{CD24CD31-98FA-4F63-913E-9D3FBBD998FB} = {3B1C2705-8BE6-4ABA-8516-E5B8D67D7846}
		{3C79B172-B6A4-41FB-9A83-8075A1B4A318} = {771B83DC-7071-4E4E-95DE-383F1537D3D6}
		{2C677528-AD13-4081-A55F-CE70F9A10B84} = {771B83DC-7071-4E4E-95DE-383F1537D3D6}
		{9890605D-8F9C-4AC0-8493-1598DFF0007F} = {771B83DC-7071-4E4E-95DE-383F1537D3D6}
		{CC7BF1EE-CF32-48FE-8FFD-52BF8F443DC4} = {771B83DC-7071-4E4E-95DE-383F1537D3D6}
		{6F5DF100-B22B-40BC-A8C3-7F19817835F0} = {3B1C2705-8BE6-4ABA-8516-E5B8D67D7846}
		{E327CF4F-33B4-4A6F-91AD-17FDE5C91D86} = {3B1C2705-8BE6-4ABA-8516-E5B8D67D7846}
		{688E5FBB-F084-4169-B484-5C5947720E38} = {3B1C2705-8BE6-4ABA-8516-E5B8D67D7846}
		{8D6F4BB4-41B7-4757-B6CE-AF9737AD3631} = {8918AA2A-5466-4DBA-B19F-F41017B85F1E}
		{208F78BE-CEC8-45D9-BA1A-FD9443B983E6} = {8918AA2A-5466-4DBA-B19F-F41017B85F1E}
		{470913DE-034E-4502-AAC8-E62AAB880BD1} = {3B1C2705-8BE6-4ABA-8516-E5B8D67D7846}
		{A00CDD4C-3053-40C2-9659-B4A92192DB26} = {8918AA2A-5466-4DBA-B19F-F41017B85F1E}
		{2C2E8CE7-2299-48AB-B3A0-862AD01098DD} = {8918AA2A-5466-4DBA-B19F-F41017B85F1E}
		{E3192DC3-92E6-4F82-A6C2-75CF04AE2B45} = {9F8877E6-72AE-4F17-9BC1-D780EE0A94EA}
		{FBAF7C79-9802-44C3-BBB1-E75F22590A96} = {9F8877E6-72AE-4F17-9BC1-D780EE0A94EA}
		{F524A611-C32B-4EB9-94B7-3CD95AC80ED2} = {9F8877E6-72AE-4F17-9BC1-D780EE0A94EA}
		{3EA87140-CB65-4A8D-B93F-0FF1B2520B13} = {3B1C2705-8BE6-4ABA-8516-E5B8D67D7846}
		{4244BF1C-FBF7-4647-9D71-3C25E756B4E1} = {3B1C2705-8BE6-4ABA-8516-E5B8D67D7846}
		{37E1D041-BB8B-4F4D-B873-1699F0E02B12} = {3B1C2705-8BE6-4ABA-8516-E5B8D67D7846}
		{993DCCCF-6703-4A05-B94B-3990D515142A} = {771B83DC-7071-4E4E-95DE-383F1537D3D6}
		{73AFE044-0175-4EA0-BC0D-7E9A5386DAB6} = {3B1C2705-8BE6-4ABA-8516-E5B8D67D7846}
		{E8EAB6E3-B769-481A-8712-12442767742C} = {3B1C2705-8BE6-4ABA-8516-E5B8D67D7846}
	EndGlobalSection
	GlobalSection(ExtensibilityGlobals) = postSolution
		SolutionGuid = {DAA9737D-4A27-4A2A-86BC-F05F9A1B85F1}
	EndGlobalSection
EndGlobal
