
Microsoft Visual Studio Solution File, Format Version 12.00
# Visual Studio 15
VisualStudioVersion = 15.0.26430.14
MinimumVisualStudioVersion = 10.0.40219.1
Project("{FAE04EC0-301F-11D3-BF4B-00C04F79EFBC}") = "TLCGen.Models", "TLCGen.Models\TLCGen.Models\TLCGen.Models.csproj", "{B3A654CF-76A7-4AB9-B99E-870781E5D83B}"
EndProject
Project("{FAE04EC0-301F-11D3-BF4B-00C04F79EFBC}") = "TLCGen.Models.Enumerations", "TLCGen.Models\TLCGen.Models.Enumerations\TLCGen.Models.Enumerations.csproj", "{69468F6A-D191-4049-BA0F-4E4CD023BBD0}"
EndProject
Project("{FAE04EC0-301F-11D3-BF4B-00C04F79EFBC}") = "TLCGen.ModelManager", "TLCGen.Models\TLCGen.Models.ModelManager\TLCGen.ModelManager.csproj", "{AE032ACE-62D7-4093-986E-6A436D8D8161}"
EndProject
Project("{FAE04EC0-301F-11D3-BF4B-00C04F79EFBC}") = "TLCGen.Helpers", "TLCGen.Helpers\TLCGen.Helpers.csproj", "{04039111-5CBD-459E-AF6E-65F016EEB333}"
EndProject
Project("{FAE04EC0-301F-11D3-BF4B-00C04F79EFBC}") = "TLCGen.Extensions", "TLCGen.Extensions\TLCGen.Extensions.csproj", "{8E0A63D9-07BF-4440-BE4F-A17B3C395FB6}"
EndProject
Project("{FAE04EC0-301F-11D3-BF4B-00C04F79EFBC}") = "TLCGen.Messaging", "TLCGen.Events\TLCGen.Messaging.csproj", "{2DBC9D19-D683-4F87-B534-DD026B46E763}"
EndProject
Project("{2150E333-8FDC-42A3-9474-1A3956D46DE8}") = "Solution Items", "Solution Items", "{E92958EC-7BE1-463C-8F10-E27FEE1149A5}"
	ProjectSection(SolutionItems) = preProject
		paket.dependencies = paket.dependencies
	EndProjectSection
EndProject
Project("{FAE04EC0-301F-11D3-BF4B-00C04F79EFBC}") = "TLCGen.Plugins", "TLCGen.Plugins\TLCGen.Plugins.csproj", "{355E3027-7851-4EB9-9C91-3B281D01DC02}"
EndProject
Project("{FAE04EC0-301F-11D3-BF4B-00C04F79EFBC}") = "FloodFill", "FloodFill\FloodFill.csproj", "{9A33318A-1352-43C3-8275-FF20DC9B9202}"
EndProject
Project("{FAE04EC0-301F-11D3-BF4B-00C04F79EFBC}") = "TLCGen.DataAccess", "TLCGen.DataAccess\TLCGen.DataAccess.csproj", "{94CA4D36-A404-4E0E-9C39-14613D1C4C39}"
EndProject
Project("{FAE04EC0-301F-11D3-BF4B-00C04F79EFBC}") = "TLCGen.Integrity", "TLCGen.Integrity\TLCGen.Integrity.csproj", "{B3AF9767-3F8D-45C9-81BF-4C9BB67E339C}"
EndProject
Project("{FAE04EC0-301F-11D3-BF4B-00C04F79EFBC}") = "TLCGen.GuiActions", "TLCGen.GuiActions\TLCGen.GuiActions.csproj", "{7922013A-9B43-4813-A354-F1977B5788DE}"
EndProject
Project("{FAE04EC0-301F-11D3-BF4B-00C04F79EFBC}") = "TLCGen.Updater", "TLCGen.Updater\TLCGen.Updater.csproj", "{208F78BE-CEC8-45D9-BA1A-FD9443B983E6}"
EndProject
Project("{FAE04EC0-301F-11D3-BF4B-00C04F79EFBC}") = "TLCGen.Dependencies", "TLCGen.Dependencies\TLCGen.Dependencies.csproj", "{8D6F4BB4-41B7-4757-B6CE-AF9737AD3631}"
EndProject
Global
	GlobalSection(SolutionConfigurationPlatforms) = preSolution
		Debug|Any CPU = Debug|Any CPU
		Release|Any CPU = Release|Any CPU
	EndGlobalSection
	GlobalSection(ProjectConfigurationPlatforms) = postSolution
		{B3A654CF-76A7-4AB9-B99E-870781E5D83B}.Debug|Any CPU.ActiveCfg = Debug|Any CPU
		{B3A654CF-76A7-4AB9-B99E-870781E5D83B}.Debug|Any CPU.Build.0 = Debug|Any CPU
		{B3A654CF-76A7-4AB9-B99E-870781E5D83B}.Release|Any CPU.ActiveCfg = Release|Any CPU
		{B3A654CF-76A7-4AB9-B99E-870781E5D83B}.Release|Any CPU.Build.0 = Release|Any CPU
		{69468F6A-D191-4049-BA0F-4E4CD023BBD0}.Debug|Any CPU.ActiveCfg = Debug|Any CPU
		{69468F6A-D191-4049-BA0F-4E4CD023BBD0}.Debug|Any CPU.Build.0 = Debug|Any CPU
		{69468F6A-D191-4049-BA0F-4E4CD023BBD0}.Release|Any CPU.ActiveCfg = Release|Any CPU
		{69468F6A-D191-4049-BA0F-4E4CD023BBD0}.Release|Any CPU.Build.0 = Release|Any CPU
		{AE032ACE-62D7-4093-986E-6A436D8D8161}.Debug|Any CPU.ActiveCfg = Debug|Any CPU
		{AE032ACE-62D7-4093-986E-6A436D8D8161}.Debug|Any CPU.Build.0 = Debug|Any CPU
		{AE032ACE-62D7-4093-986E-6A436D8D8161}.Release|Any CPU.ActiveCfg = Release|Any CPU
		{AE032ACE-62D7-4093-986E-6A436D8D8161}.Release|Any CPU.Build.0 = Release|Any CPU
		{04039111-5CBD-459E-AF6E-65F016EEB333}.Debug|Any CPU.ActiveCfg = Debug|Any CPU
		{04039111-5CBD-459E-AF6E-65F016EEB333}.Debug|Any CPU.Build.0 = Debug|Any CPU
		{04039111-5CBD-459E-AF6E-65F016EEB333}.Release|Any CPU.ActiveCfg = Release|Any CPU
		{04039111-5CBD-459E-AF6E-65F016EEB333}.Release|Any CPU.Build.0 = Release|Any CPU
		{8E0A63D9-07BF-4440-BE4F-A17B3C395FB6}.Debug|Any CPU.ActiveCfg = Debug|Any CPU
		{8E0A63D9-07BF-4440-BE4F-A17B3C395FB6}.Debug|Any CPU.Build.0 = Debug|Any CPU
		{8E0A63D9-07BF-4440-BE4F-A17B3C395FB6}.Release|Any CPU.ActiveCfg = Release|Any CPU
		{8E0A63D9-07BF-4440-BE4F-A17B3C395FB6}.Release|Any CPU.Build.0 = Release|Any CPU
		{2DBC9D19-D683-4F87-B534-DD026B46E763}.Debug|Any CPU.ActiveCfg = Debug|Any CPU
		{2DBC9D19-D683-4F87-B534-DD026B46E763}.Debug|Any CPU.Build.0 = Debug|Any CPU
		{2DBC9D19-D683-4F87-B534-DD026B46E763}.Release|Any CPU.ActiveCfg = Release|Any CPU
		{2DBC9D19-D683-4F87-B534-DD026B46E763}.Release|Any CPU.Build.0 = Release|Any CPU
		{355E3027-7851-4EB9-9C91-3B281D01DC02}.Debug|Any CPU.ActiveCfg = Debug|Any CPU
		{355E3027-7851-4EB9-9C91-3B281D01DC02}.Debug|Any CPU.Build.0 = Debug|Any CPU
		{355E3027-7851-4EB9-9C91-3B281D01DC02}.Release|Any CPU.ActiveCfg = Release|Any CPU
		{355E3027-7851-4EB9-9C91-3B281D01DC02}.Release|Any CPU.Build.0 = Release|Any CPU
		{9A33318A-1352-43C3-8275-FF20DC9B9202}.Debug|Any CPU.ActiveCfg = Debug|Any CPU
		{9A33318A-1352-43C3-8275-FF20DC9B9202}.Debug|Any CPU.Build.0 = Debug|Any CPU
		{9A33318A-1352-43C3-8275-FF20DC9B9202}.Release|Any CPU.ActiveCfg = Release|Any CPU
		{9A33318A-1352-43C3-8275-FF20DC9B9202}.Release|Any CPU.Build.0 = Release|Any CPU
		{94CA4D36-A404-4E0E-9C39-14613D1C4C39}.Debug|Any CPU.ActiveCfg = Debug|Any CPU
		{94CA4D36-A404-4E0E-9C39-14613D1C4C39}.Debug|Any CPU.Build.0 = Debug|Any CPU
		{94CA4D36-A404-4E0E-9C39-14613D1C4C39}.Release|Any CPU.ActiveCfg = Release|Any CPU
		{94CA4D36-A404-4E0E-9C39-14613D1C4C39}.Release|Any CPU.Build.0 = Release|Any CPU
		{B3AF9767-3F8D-45C9-81BF-4C9BB67E339C}.Debug|Any CPU.ActiveCfg = Debug|Any CPU
		{B3AF9767-3F8D-45C9-81BF-4C9BB67E339C}.Debug|Any CPU.Build.0 = Debug|Any CPU
		{B3AF9767-3F8D-45C9-81BF-4C9BB67E339C}.Release|Any CPU.ActiveCfg = Release|Any CPU
		{B3AF9767-3F8D-45C9-81BF-4C9BB67E339C}.Release|Any CPU.Build.0 = Release|Any CPU
		{7922013A-9B43-4813-A354-F1977B5788DE}.Debug|Any CPU.ActiveCfg = Debug|Any CPU
		{7922013A-9B43-4813-A354-F1977B5788DE}.Debug|Any CPU.Build.0 = Debug|Any CPU
		{7922013A-9B43-4813-A354-F1977B5788DE}.Release|Any CPU.ActiveCfg = Release|Any CPU
		{7922013A-9B43-4813-A354-F1977B5788DE}.Release|Any CPU.Build.0 = Release|Any CPU
		{208F78BE-CEC8-45D9-BA1A-FD9443B983E6}.Debug|Any CPU.ActiveCfg = Debug|Any CPU
		{208F78BE-CEC8-45D9-BA1A-FD9443B983E6}.Debug|Any CPU.Build.0 = Debug|Any CPU
		{208F78BE-CEC8-45D9-BA1A-FD9443B983E6}.Release|Any CPU.ActiveCfg = Release|Any CPU
		{208F78BE-CEC8-45D9-BA1A-FD9443B983E6}.Release|Any CPU.Build.0 = Release|Any CPU
		{8D6F4BB4-41B7-4757-B6CE-AF9737AD3631}.Debug|Any CPU.ActiveCfg = Debug|Any CPU
		{8D6F4BB4-41B7-4757-B6CE-AF9737AD3631}.Debug|Any CPU.Build.0 = Debug|Any CPU
		{8D6F4BB4-41B7-4757-B6CE-AF9737AD3631}.Release|Any CPU.ActiveCfg = Release|Any CPU
		{8D6F4BB4-41B7-4757-B6CE-AF9737AD3631}.Release|Any CPU.Build.0 = Release|Any CPU
	EndGlobalSection
	GlobalSection(SolutionProperties) = preSolution
		HideSolutionNode = FALSE
	EndGlobalSection
EndGlobal
